
Microsoft Visual Studio Solution File, Format Version 12.00
# Visual Studio Version 17
VisualStudioVersion = 17.10.35013.160
MinimumVisualStudioVersion = 10.0.40219.1
Project("{FAE04EC0-301F-11D3-BF4B-00C04F79EFBC}") = "BeecrowdChallenge3", "BeecrowdChallenge3\BeecrowdChallenge3.csproj", "{8E7A7292-FFD5-4D5E-954F-A3CFCEAFE78D}"
EndProject
Global
	GlobalSection(SolutionConfigurationPlatforms) = preSolution
		Debug|Any CPU = Debug|Any CPU
		Release|Any CPU = Release|Any CPU
	EndGlobalSection
	GlobalSection(ProjectConfigurationPlatforms) = postSolution
		{8E7A7292-FFD5-4D5E-954F-A3CFCEAFE78D}.Debug|Any CPU.ActiveCfg = Debug|Any CPU
		{8E7A7292-FFD5-4D5E-954F-A3CFCEAFE78D}.Debug|Any CPU.Build.0 = Debug|Any CPU
		{8E7A7292-FFD5-4D5E-954F-A3CFCEAFE78D}.Release|Any CPU.ActiveCfg = Release|Any CPU
		{8E7A7292-FFD5-4D5E-954F-A3CFCEAFE78D}.Release|Any CPU.Build.0 = Release|Any CPU
	EndGlobalSection
	GlobalSection(SolutionProperties) = preSolution
		HideSolutionNode = FALSE
	EndGlobalSection
	GlobalSection(ExtensibilityGlobals) = postSolution
		SolutionGuid = {E1C9B261-B108-437C-B458-751270DAE216}
	EndGlobalSection
EndGlobal
