
Microsoft Visual Studio Solution File, Format Version 12.00
# Visual Studio Version 17
VisualStudioVersion = 17.10.35013.160
MinimumVisualStudioVersion = 10.0.40219.1
Project("{FAE04EC0-301F-11D3-BF4B-00C04F79EFBC}") = "BeecrowdChallenge8", "BeecrowdChallenge8\BeecrowdChallenge8.csproj", "{0E5D1D12-870E-49A6-B06C-4CE450862C72}"
EndProject
Global
	GlobalSection(SolutionConfigurationPlatforms) = preSolution
		Debug|Any CPU = Debug|Any CPU
		Release|Any CPU = Release|Any CPU
	EndGlobalSection
	GlobalSection(ProjectConfigurationPlatforms) = postSolution
		{0E5D1D12-870E-49A6-B06C-4CE450862C72}.Debug|Any CPU.ActiveCfg = Debug|Any CPU
		{0E5D1D12-870E-49A6-B06C-4CE450862C72}.Debug|Any CPU.Build.0 = Debug|Any CPU
		{0E5D1D12-870E-49A6-B06C-4CE450862C72}.Release|Any CPU.ActiveCfg = Release|Any CPU
		{0E5D1D12-870E-49A6-B06C-4CE450862C72}.Release|Any CPU.Build.0 = Release|Any CPU
	EndGlobalSection
	GlobalSection(SolutionProperties) = preSolution
		HideSolutionNode = FALSE
	EndGlobalSection
	GlobalSection(ExtensibilityGlobals) = postSolution
		SolutionGuid = {C59FDB7E-08CB-4CEB-99B0-7A877786773D}
	EndGlobalSection
EndGlobal
