
Microsoft Visual Studio Solution File, Format Version 12.00
# Visual Studio Version 17
VisualStudioVersion = 17.10.35013.160
MinimumVisualStudioVersion = 10.0.40219.1
Project("{FAE04EC0-301F-11D3-BF4B-00C04F79EFBC}") = "BeecrowdChallenge17", "BeecrowdChallenge17\BeecrowdChallenge17.csproj", "{ECB97D2C-AF98-470C-9CE2-F6BDB922826E}"
EndProject
Global
	GlobalSection(SolutionConfigurationPlatforms) = preSolution
		Debug|Any CPU = Debug|Any CPU
		Release|Any CPU = Release|Any CPU
	EndGlobalSection
	GlobalSection(ProjectConfigurationPlatforms) = postSolution
		{ECB97D2C-AF98-470C-9CE2-F6BDB922826E}.Debug|Any CPU.ActiveCfg = Debug|Any CPU
		{ECB97D2C-AF98-470C-9CE2-F6BDB922826E}.Debug|Any CPU.Build.0 = Debug|Any CPU
		{ECB97D2C-AF98-470C-9CE2-F6BDB922826E}.Release|Any CPU.ActiveCfg = Release|Any CPU
		{ECB97D2C-AF98-470C-9CE2-F6BDB922826E}.Release|Any CPU.Build.0 = Release|Any CPU
	EndGlobalSection
	GlobalSection(SolutionProperties) = preSolution
		HideSolutionNode = FALSE
	EndGlobalSection
	GlobalSection(ExtensibilityGlobals) = postSolution
		SolutionGuid = {8A6DDAF5-373C-48E1-BEDF-41DDB8EC5259}
	EndGlobalSection
EndGlobal
