
Microsoft Visual Studio Solution File, Format Version 12.00
# Visual Studio Version 17
VisualStudioVersion = 17.10.35013.160
MinimumVisualStudioVersion = 10.0.40219.1
Project("{FAE04EC0-301F-11D3-BF4B-00C04F79EFBC}") = "BeecrowdChallenge1", "BeecrowdChallenge1\BeecrowdChallenge1.csproj", "{BF687C42-960E-4016-B1D1-C6C2C37069BF}"
EndProject
Global
	GlobalSection(SolutionConfigurationPlatforms) = preSolution
		Debug|Any CPU = Debug|Any CPU
		Release|Any CPU = Release|Any CPU
	EndGlobalSection
	GlobalSection(ProjectConfigurationPlatforms) = postSolution
		{BF687C42-960E-4016-B1D1-C6C2C37069BF}.Debug|Any CPU.ActiveCfg = Debug|Any CPU
		{BF687C42-960E-4016-B1D1-C6C2C37069BF}.Debug|Any CPU.Build.0 = Debug|Any CPU
		{BF687C42-960E-4016-B1D1-C6C2C37069BF}.Release|Any CPU.ActiveCfg = Release|Any CPU
		{BF687C42-960E-4016-B1D1-C6C2C37069BF}.Release|Any CPU.Build.0 = Release|Any CPU
	EndGlobalSection
	GlobalSection(SolutionProperties) = preSolution
		HideSolutionNode = FALSE
	EndGlobalSection
	GlobalSection(ExtensibilityGlobals) = postSolution
		SolutionGuid = {A3381E8A-8CB7-4ECA-89A7-91E46BE07335}
	EndGlobalSection
EndGlobal
