
Microsoft Visual Studio Solution File, Format Version 12.00
# Visual Studio Version 17
VisualStudioVersion = 17.10.35013.160
MinimumVisualStudioVersion = 10.0.40219.1
Project("{FAE04EC0-301F-11D3-BF4B-00C04F79EFBC}") = "BeecrowdChallenge12", "BeecrowdChallenge12\BeecrowdChallenge12.csproj", "{B72519C0-BDBB-4723-9F18-B007F1D02E2B}"
EndProject
Global
	GlobalSection(SolutionConfigurationPlatforms) = preSolution
		Debug|Any CPU = Debug|Any CPU
		Release|Any CPU = Release|Any CPU
	EndGlobalSection
	GlobalSection(ProjectConfigurationPlatforms) = postSolution
		{B72519C0-BDBB-4723-9F18-B007F1D02E2B}.Debug|Any CPU.ActiveCfg = Debug|Any CPU
		{B72519C0-BDBB-4723-9F18-B007F1D02E2B}.Debug|Any CPU.Build.0 = Debug|Any CPU
		{B72519C0-BDBB-4723-9F18-B007F1D02E2B}.Release|Any CPU.ActiveCfg = Release|Any CPU
		{B72519C0-BDBB-4723-9F18-B007F1D02E2B}.Release|Any CPU.Build.0 = Release|Any CPU
	EndGlobalSection
	GlobalSection(SolutionProperties) = preSolution
		HideSolutionNode = FALSE
	EndGlobalSection
	GlobalSection(ExtensibilityGlobals) = postSolution
		SolutionGuid = {B125EC5E-8BB4-40D4-84D0-E6A4A66402E9}
	EndGlobalSection
EndGlobal
