
Microsoft Visual Studio Solution File, Format Version 12.00
# Visual Studio Version 17
VisualStudioVersion = 17.10.35013.160
MinimumVisualStudioVersion = 10.0.40219.1
Project("{FAE04EC0-301F-11D3-BF4B-00C04F79EFBC}") = "BeecrowdChallenge7", "BeecrowdChallenge7\BeecrowdChallenge7.csproj", "{87C627EF-FCD7-4457-84D4-0BC32A37D101}"
EndProject
Global
	GlobalSection(SolutionConfigurationPlatforms) = preSolution
		Debug|Any CPU = Debug|Any CPU
		Release|Any CPU = Release|Any CPU
	EndGlobalSection
	GlobalSection(ProjectConfigurationPlatforms) = postSolution
		{87C627EF-FCD7-4457-84D4-0BC32A37D101}.Debug|Any CPU.ActiveCfg = Debug|Any CPU
		{87C627EF-FCD7-4457-84D4-0BC32A37D101}.Debug|Any CPU.Build.0 = Debug|Any CPU
		{87C627EF-FCD7-4457-84D4-0BC32A37D101}.Release|Any CPU.ActiveCfg = Release|Any CPU
		{87C627EF-FCD7-4457-84D4-0BC32A37D101}.Release|Any CPU.Build.0 = Release|Any CPU
	EndGlobalSection
	GlobalSection(SolutionProperties) = preSolution
		HideSolutionNode = FALSE
	EndGlobalSection
	GlobalSection(ExtensibilityGlobals) = postSolution
		SolutionGuid = {3AF0B2AC-31CC-4E25-BAF5-7DBBA13192C9}
	EndGlobalSection
EndGlobal
